// !$*UTF8*$!
{
	archiveVersion = 1;
	classes = {
	};
	objectVersion = 50;
	objects = {

/* Begin PBXBuildFile section */
		A0CE0051225C7911000E1A45 /* AppDelegate.m in Sources */ = {isa = PBXBuildFile; fileRef = A0CE0050225C7911000E1A45 /* AppDelegate.m */; };
		A0CE0054225C7911000E1A45 /* ViewController.m in Sources */ = {isa = PBXBuildFile; fileRef = A0CE0053225C7911000E1A45 /* ViewController.m */; };
		A0CE0057225C7911000E1A45 /* Main.storyboard in Resources */ = {isa = PBXBuildFile; fileRef = A0CE0055225C7911000E1A45 /* Main.storyboard */; };
		A0CE0059225C7916000E1A45 /* Assets.xcassets in Resources */ = {isa = PBXBuildFile; fileRef = A0CE0058225C7916000E1A45 /* Assets.xcassets */; };
		A0CE005C225C7916000E1A45 /* LaunchScreen.storyboard in Resources */ = {isa = PBXBuildFile; fileRef = A0CE005A225C7916000E1A45 /* LaunchScreen.storyboard */; };
		A0CE005F225C7916000E1A45 /* main.m in Sources */ = {isa = PBXBuildFile; fileRef = A0CE005E225C7916000E1A45 /* main.m */; };
		A0CE0069225C7916000E1A45 /* ImageToVideoTests.m in Sources */ = {isa = PBXBuildFile; fileRef = A0CE0068225C7916000E1A45 /* ImageToVideoTests.m */; };
		A0CE0074225C7916000E1A45 /* ImageToVideoUITests.m in Sources */ = {isa = PBXBuildFile; fileRef = A0CE0073225C7916000E1A45 /* ImageToVideoUITests.m */; };
		A0CE0082225C7934000E1A45 /* 222.jpg in Resources */ = {isa = PBXBuildFile; fileRef = A0CE0081225C7934000E1A45 /* 222.jpg */; };
/* End PBXBuildFile section */

/* Begin PBXContainerItemProxy section */
		A0CE0065225C7916000E1A45 /* PBXContainerItemProxy */ = {
			isa = PBXContainerItemProxy;
			containerPortal = A0CE0044225C7911000E1A45 /* Project object */;
			proxyType = 1;
			remoteGlobalIDString = A0CE004B225C7911000E1A45;
			remoteInfo = ImageToVideo;
		};
		A0CE0070225C7916000E1A45 /* PBXContainerItemProxy */ = {
			isa = PBXContainerItemProxy;
			containerPortal = A0CE0044225C7911000E1A45 /* Project object */;
			proxyType = 1;
			remoteGlobalIDString = A0CE004B225C7911000E1A45;
			remoteInfo = ImageToVideo;
		};
/* End PBXContainerItemProxy section */

/* Begin PBXFileReference section */
		A0CE004C225C7911000E1A45 /* ImageToVideo.app */ = {isa = PBXFileReference; explicitFileType = wrapper.application; includeInIndex = 0; path = ImageToVideo.app; sourceTree = BUILT_PRODUCTS_DIR; };
		A0CE004F225C7911000E1A45 /* AppDelegate.h */ = {isa = PBXFileReference; lastKnownFileType = sourcecode.c.h; path = AppDelegate.h; sourceTree = "<group>"; };
		A0CE0050225C7911000E1A45 /* AppDelegate.m */ = {isa = PBXFileReference; lastKnownFileType = sourcecode.c.objc; path = AppDelegate.m; sourceTree = "<group>"; };
		A0CE0052225C7911000E1A45 /* ViewController.h */ = {isa = PBXFileReference; lastKnownFileType = sourcecode.c.h; path = ViewController.h; sourceTree = "<group>"; };
		A0CE0053225C7911000E1A45 /* ViewController.m */ = {isa = PBXFileReference; lastKnownFileType = sourcecode.c.objc; path = ViewController.m; sourceTree = "<group>"; };
		A0CE0056225C7911000E1A45 /* Base */ = {isa = PBXFileReference; lastKnownFileType = file.storyboard; name = Base; path = Base.lproj/Main.storyboard; sourceTree = "<group>"; };
		A0CE0058225C7916000E1A45 /* Assets.xcassets */ = {isa = PBXFileReference; lastKnownFileType = folder.assetcatalog; path = Assets.xcassets; sourceTree = "<group>"; };
		A0CE005B225C7916000E1A45 /* Base */ = {isa = PBXFileReference; lastKnownFileType = file.storyboard; name = Base; path = Base.lproj/LaunchScreen.storyboard; sourceTree = "<group>"; };
		A0CE005D225C7916000E1A45 /* Info.plist */ = {isa = PBXFileReference; lastKnownFileType = text.plist.xml; path = Info.plist; sourceTree = "<group>"; };
		A0CE005E225C7916000E1A45 /* main.m */ = {isa = PBXFileReference; lastKnownFileType = sourcecode.c.objc; path = main.m; sourceTree = "<group>"; };
		A0CE0064225C7916000E1A45 /* ImageToVideoTests.xctest */ = {isa = PBXFileReference; explicitFileType = wrapper.cfbundle; includeInIndex = 0; path = ImageToVideoTests.xctest; sourceTree = BUILT_PRODUCTS_DIR; };
		A0CE0068225C7916000E1A45 /* ImageToVideoTests.m */ = {isa = PBXFileReference; lastKnownFileType = sourcecode.c.objc; path = ImageToVideoTests.m; sourceTree = "<group>"; };
		A0CE006A225C7916000E1A45 /* Info.plist */ = {isa = PBXFileReference; lastKnownFileType = text.plist.xml; path = Info.plist; sourceTree = "<group>"; };
		A0CE006F225C7916000E1A45 /* ImageToVideoUITests.xctest */ = {isa = PBXFileReference; explicitFileType = wrapper.cfbundle; includeInIndex = 0; path = ImageToVideoUITests.xctest; sourceTree = BUILT_PRODUCTS_DIR; };
		A0CE0073225C7916000E1A45 /* ImageToVideoUITests.m */ = {isa = PBXFileReference; lastKnownFileType = sourcecode.c.objc; path = ImageToVideoUITests.m; sourceTree = "<group>"; };
		A0CE0075225C7916000E1A45 /* Info.plist */ = {isa = PBXFileReference; lastKnownFileType = text.plist.xml; path = Info.plist; sourceTree = "<group>"; };
		A0CE0081225C7934000E1A45 /* 222.jpg */ = {isa = PBXFileReference; lastKnownFileType = image.jpeg; path = 222.jpg; sourceTree = "<group>"; };
/* End PBXFileReference section */

/* Begin PBXFrameworksBuildPhase section */
		A0CE0049225C7911000E1A45 /* Frameworks */ = {
			isa = PBXFrameworksBuildPhase;
			buildActionMask = 2147483647;
			files = (
			);
			runOnlyForDeploymentPostprocessing = 0;
		};
		A0CE0061225C7916000E1A45 /* Frameworks */ = {
			isa = PBXFrameworksBuildPhase;
			buildActionMask = 2147483647;
			files = (
			);
			runOnlyForDeploymentPostprocessing = 0;
		};
		A0CE006C225C7916000E1A45 /* Frameworks */ = {
			isa = PBXFrameworksBuildPhase;
			buildActionMask = 2147483647;
			files = (
			);
			runOnlyForDeploymentPostprocessing = 0;
		};
/* End PBXFrameworksBuildPhase section */

/* Begin PBXGroup section */
		A0CE0043225C7911000E1A45 = {
			isa = PBXGroup;
			children = (
				A0CE004E225C7911000E1A45 /* ImageToVideo */,
				A0CE0067225C7916000E1A45 /* ImageToVideoTests */,
				A0CE0072225C7916000E1A45 /* ImageToVideoUITests */,
				A0CE004D225C7911000E1A45 /* Products */,
			);
			sourceTree = "<group>";
		};
		A0CE004D225C7911000E1A45 /* Products */ = {
			isa = PBXGroup;
			children = (
				A0CE004C225C7911000E1A45 /* ImageToVideo.app */,
				A0CE0064225C7916000E1A45 /* ImageToVideoTests.xctest */,
				A0CE006F225C7916000E1A45 /* ImageToVideoUITests.xctest */,
			);
			name = Products;
			sourceTree = "<group>";
		};
		A0CE004E225C7911000E1A45 /* ImageToVideo */ = {
			isa = PBXGroup;
			children = (
				A0CE004F225C7911000E1A45 /* AppDelegate.h */,
				A0CE0050225C7911000E1A45 /* AppDelegate.m */,
				A0CE0052225C7911000E1A45 /* ViewController.h */,
				A0CE0053225C7911000E1A45 /* ViewController.m */,
				A0CE0081225C7934000E1A45 /* 222.jpg */,
				A0CE0055225C7911000E1A45 /* Main.storyboard */,
				A0CE0058225C7916000E1A45 /* Assets.xcassets */,
				A0CE005A225C7916000E1A45 /* LaunchScreen.storyboard */,
				A0CE005D225C7916000E1A45 /* Info.plist */,
				A0CE005E225C7916000E1A45 /* main.m */,
			);
			path = ImageToVideo;
			sourceTree = "<group>";
		};
		A0CE0067225C7916000E1A45 /* ImageToVideoTests */ = {
			isa = PBXGroup;
			children = (
				A0CE0068225C7916000E1A45 /* ImageToVideoTests.m */,
				A0CE006A225C7916000E1A45 /* Info.plist */,
			);
			path = ImageToVideoTests;
			sourceTree = "<group>";
		};
		A0CE0072225C7916000E1A45 /* ImageToVideoUITests */ = {
			isa = PBXGroup;
			children = (
				A0CE0073225C7916000E1A45 /* ImageToVideoUITests.m */,
				A0CE0075225C7916000E1A45 /* Info.plist */,
			);
			path = ImageToVideoUITests;
			sourceTree = "<group>";
		};
/* End PBXGroup section */

/* Begin PBXNativeTarget section */
		A0CE004B225C7911000E1A45 /* ImageToVideo */ = {
			isa = PBXNativeTarget;
			buildConfigurationList = A0CE0078225C7916000E1A45 /* Build configuration list for PBXNativeTarget "ImageToVideo" */;
			buildPhases = (
				A0CE0048225C7911000E1A45 /* Sources */,
				A0CE0049225C7911000E1A45 /* Frameworks */,
				A0CE004A225C7911000E1A45 /* Resources */,
			);
			buildRules = (
			);
			dependencies = (
			);
			name = ImageToVideo;
			productName = ImageToVideo;
			productReference = A0CE004C225C7911000E1A45 /* ImageToVideo.app */;
			productType = "com.apple.product-type.application";
		};
		A0CE0063225C7916000E1A45 /* ImageToVideoTests */ = {
			isa = PBXNativeTarget;
			buildConfigurationList = A0CE007B225C7916000E1A45 /* Build configuration list for PBXNativeTarget "ImageToVideoTests" */;
			buildPhases = (
				A0CE0060225C7916000E1A45 /* Sources */,
				A0CE0061225C7916000E1A45 /* Frameworks */,
				A0CE0062225C7916000E1A45 /* Resources */,
			);
			buildRules = (
			);
			dependencies = (
				A0CE0066225C7916000E1A45 /* PBXTargetDependency */,
			);
			name = ImageToVideoTests;
			productName = ImageToVideoTests;
			productReference = A0CE0064225C7916000E1A45 /* ImageToVideoTests.xctest */;
			productType = "com.apple.product-type.bundle.unit-test";
		};
		A0CE006E225C7916000E1A45 /* ImageToVideoUITests */ = {
			isa = PBXNativeTarget;
			buildConfigurationList = A0CE007E225C7916000E1A45 /* Build configuration list for PBXNativeTarget "ImageToVideoUITests" */;
			buildPhases = (
				A0CE006B225C7916000E1A45 /* Sources */,
				A0CE006C225C7916000E1A45 /* Frameworks */,
				A0CE006D225C7916000E1A45 /* Resources */,
			);
			buildRules = (
			);
			dependencies = (
				A0CE0071225C7916000E1A45 /* PBXTargetDependency */,
			);
			name = ImageToVideoUITests;
			productName = ImageToVideoUITests;
			productReference = A0CE006F225C7916000E1A45 /* ImageToVideoUITests.xctest */;
			productType = "com.apple.product-type.bundle.ui-testing";
		};
/* End PBXNativeTarget section */

/* Begin PBXProject section */
		A0CE0044225C7911000E1A45 /* Project object */ = {
			isa = PBXProject;
			attributes = {
				LastUpgradeCheck = 1010;
				ORGANIZATIONNAME = Cheng;
				TargetAttributes = {
					A0CE004B225C7911000E1A45 = {
						CreatedOnToolsVersion = 10.1;
					};
					A0CE0063225C7916000E1A45 = {
						CreatedOnToolsVersion = 10.1;
						TestTargetID = A0CE004B225C7911000E1A45;
					};
					A0CE006E225C7916000E1A45 = {
						CreatedOnToolsVersion = 10.1;
						TestTargetID = A0CE004B225C7911000E1A45;
					};
				};
			};
			buildConfigurationList = A0CE0047225C7911000E1A45 /* Build configuration list for PBXProject "ImageToVideo" */;
			compatibilityVersion = "Xcode 9.3";
			developmentRegion = en;
			hasScannedForEncodings = 0;
			knownRegions = (
				en,
				Base,
			);
			mainGroup = A0CE0043225C7911000E1A45;
			productRefGroup = A0CE004D225C7911000E1A45 /* Products */;
			projectDirPath = "";
			projectRoot = "";
			targets = (
				A0CE004B225C7911000E1A45 /* ImageToVideo */,
				A0CE0063225C7916000E1A45 /* ImageToVideoTests */,
				A0CE006E225C7916000E1A45 /* ImageToVideoUITests */,
			);
		};
/* End PBXProject section */

/* Begin PBXResourcesBuildPhase section */
		A0CE004A225C7911000E1A45 /* Resources */ = {
			isa = PBXResourcesBuildPhase;
			buildActionMask = 2147483647;
			files = (
				A0CE0082225C7934000E1A45 /* 222.jpg in Resources */,
				A0CE005C225C7916000E1A45 /* LaunchScreen.storyboard in Resources */,
				A0CE0059225C7916000E1A45 /* Assets.xcassets in Resources */,
				A0CE0057225C7911000E1A45 /* Main.storyboard in Resources */,
			);
			runOnlyForDeploymentPostprocessing = 0;
		};
		A0CE0062225C7916000E1A45 /* Resources */ = {
			isa = PBXResourcesBuildPhase;
			buildActionMask = 2147483647;
			files = (
			);
			runOnlyForDeploymentPostprocessing = 0;
		};
		A0CE006D225C7916000E1A45 /* Resources */ = {
			isa = PBXResourcesBuildPhase;
			buildActionMask = 2147483647;
			files = (
			);
			runOnlyForDeploymentPostprocessing = 0;
		};
/* End PBXResourcesBuildPhase section */

/* Begin PBXSourcesBuildPhase section */
		A0CE0048225C7911000E1A45 /* Sources */ = {
			isa = PBXSourcesBuildPhase;
			buildActionMask = 2147483647;
			files = (
				A0CE0054225C7911000E1A45 /* ViewController.m in Sources */,
				A0CE005F225C7916000E1A45 /* main.m in Sources */,
				A0CE0051225C7911000E1A45 /* AppDelegate.m in Sources */,
			);
			runOnlyForDeploymentPostprocessing = 0;
		};
		A0CE0060225C7916000E1A45 /* Sources */ = {
			isa = PBXSourcesBuildPhase;
			buildActionMask = 2147483647;
			files = (
				A0CE0069225C7916000E1A45 /* ImageToVideoTests.m in Sources */,
			);
			runOnlyForDeploymentPostprocessing = 0;
		};
		A0CE006B225C7916000E1A45 /* Sources */ = {
			isa = PBXSourcesBuildPhase;
			buildActionMask = 2147483647;
			files = (
				A0CE0074225C7916000E1A45 /* ImageToVideoUITests.m in Sources */,
			);
			runOnlyForDeploymentPostprocessing = 0;
		};
/* End PBXSourcesBuildPhase section */

/* Begin PBXTargetDependency section */
		A0CE0066225C7916000E1A45 /* PBXTargetDependency */ = {
			isa = PBXTargetDependency;
			target = A0CE004B225C7911000E1A45 /* ImageToVideo */;
			targetProxy = A0CE0065225C7916000E1A45 /* PBXContainerItemProxy */;
		};
		A0CE0071225C7916000E1A45 /* PBXTargetDependency */ = {
			isa = PBXTargetDependency;
			target = A0CE004B225C7911000E1A45 /* ImageToVideo */;
			targetProxy = A0CE0070225C7916000E1A45 /* PBXContainerItemProxy */;
		};
/* End PBXTargetDependency section */

/* Begin PBXVariantGroup section */
		A0CE0055225C7911000E1A45 /* Main.storyboard */ = {
			isa = PBXVariantGroup;
			children = (
				A0CE0056225C7911000E1A45 /* Base */,
			);
			name = Main.storyboard;
			sourceTree = "<group>";
		};
		A0CE005A225C7916000E1A45 /* LaunchScreen.storyboard */ = {
			isa = PBXVariantGroup;
			children = (
				A0CE005B225C7916000E1A45 /* Base */,
			);
			name = LaunchScreen.storyboard;
			sourceTree = "<group>";
		};
/* End PBXVariantGroup section */

/* Begin XCBuildConfiguration section */
		A0CE0076225C7916000E1A45 /* Debug */ = {
			isa = XCBuildConfiguration;
			buildSettings = {
				ALWAYS_SEARCH_USER_PATHS = NO;
				CLANG_ANALYZER_NONNULL = YES;
				CLANG_ANALYZER_NUMBER_OBJECT_CONVERSION = YES_AGGRESSIVE;
				CLANG_CXX_LANGUAGE_STANDARD = "gnu++14";
				CLANG_CXX_LIBRARY = "libc++";
				CLANG_ENABLE_MODULES = YES;
				CLANG_ENABLE_OBJC_ARC = YES;
				CLANG_ENABLE_OBJC_WEAK = YES;
				CLANG_WARN_BLOCK_CAPTURE_AUTORELEASING = YES;
				CLANG_WARN_BOOL_CONVERSION = YES;
				CLANG_WARN_COMMA = YES;
				CLANG_WARN_CONSTANT_CONVERSION = YES;
				CLANG_WARN_DEPRECATED_OBJC_IMPLEMENTATIONS = YES;
				CLANG_WARN_DIRECT_OBJC_ISA_USAGE = YES_ERROR;
				CLANG_WARN_DOCUMENTATION_COMMENTS = YES;
				CLANG_WARN_EMPTY_BODY = YES;
				CLANG_WARN_ENUM_CONVERSION = YES;
				CLANG_WARN_INFINITE_RECURSION = YES;
				CLANG_WARN_INT_CONVERSION = YES;
				CLANG_WARN_NON_LITERAL_NULL_CONVERSION = YES;
				CLANG_WARN_OBJC_IMPLICIT_RETAIN_SELF = YES;
				CLANG_WARN_OBJC_LITERAL_CONVERSION = YES;
				CLANG_WARN_OBJC_ROOT_CLASS = YES_ERROR;
				CLANG_WARN_RANGE_LOOP_ANALYSIS = YES;
				CLANG_WARN_STRICT_PROTOTYPES = YES;
				CLANG_WARN_SUSPICIOUS_MOVE = YES;
				CLANG_WARN_UNGUARDED_AVAILABILITY = YES_AGGRESSIVE;
				CLANG_WARN_UNREACHABLE_CODE = YES;
				CLANG_WARN__DUPLICATE_METHOD_MATCH = YES;
				CODE_SIGN_IDENTITY = "iPhone Developer";
				COPY_PHASE_STRIP = NO;
				DEBUG_INFORMATION_FORMAT = dwarf;
				ENABLE_STRICT_OBJC_MSGSEND = YES;
				ENABLE_TESTABILITY = YES;
				GCC_C_LANGUAGE_STANDARD = gnu11;
				GCC_DYNAMIC_NO_PIC = NO;
				GCC_NO_COMMON_BLOCKS = YES;
				GCC_OPTIMIZATION_LEVEL = 0;
				GCC_PREPROCESSOR_DEFINITIONS = (
					"DEBUG=1",
					"$(inherited)",
				);
				GCC_WARN_64_TO_32_BIT_CONVERSION = YES;
				GCC_WARN_ABOUT_RETURN_TYPE = YES_ERROR;
				GCC_WARN_UNDECLARED_SELECTOR = YES;
				GCC_WARN_UNINITIALIZED_AUTOS = YES_AGGRESSIVE;
				GCC_WARN_UNUSED_FUNCTION = YES;
				GCC_WARN_UNUSED_VARIABLE = YES;
				IPHONEOS_DEPLOYMENT_TARGET = 12.1;
				MTL_ENABLE_DEBUG_INFO = INCLUDE_SOURCE;
				MTL_FAST_MATH = YES;
				ONLY_ACTIVE_ARCH = YES;
				SDKROOT = iphoneos;
			};
			name = Debug;
		};
		A0CE0077225C7916000E1A45 /* Release */ = {
			isa = XCBuildConfiguration;
			buildSettings = {
				ALWAYS_SEARCH_USER_PATHS = NO;
				CLANG_ANALYZER_NONNULL = YES;
				CLANG_ANALYZER_NUMBER_OBJECT_CONVERSION = YES_AGGRESSIVE;
				CLANG_CXX_LANGUAGE_STANDARD = "gnu++14";
				CLANG_CXX_LIBRARY = "libc++";
				CLANG_ENABLE_MODULES = YES;
				CLANG_ENABLE_OBJC_ARC = YES;
				CLANG_ENABLE_OBJC_WEAK = YES;
				CLANG_WARN_BLOCK_CAPTURE_AUTORELEASING = YES;
				CLANG_WARN_BOOL_CONVERSION = YES;
				CLANG_WARN_COMMA = YES;
				CLANG_WARN_CONSTANT_CONVERSION = YES;
				CLANG_WARN_DEPRECATED_OBJC_IMPLEMENTATIONS = YES;
				CLANG_WARN_DIRECT_OBJC_ISA_USAGE = YES_ERROR;
				CLANG_WARN_DOCUMENTATION_COMMENTS = YES;
				CLANG_WARN_EMPTY_BODY = YES;
				CLANG_WARN_ENUM_CONVERSION = YES;
				CLANG_WARN_INFINITE_RECURSION = YES;
				CLANG_WARN_INT_CONVERSION = YES;
				CLANG_WARN_NON_LITERAL_NULL_CONVERSION = YES;
				CLANG_WARN_OBJC_IMPLICIT_RETAIN_SELF = YES;
				CLANG_WARN_OBJC_LITERAL_CONVERSION = YES;
				CLANG_WARN_OBJC_ROOT_CLASS = YES_ERROR;
				CLANG_WARN_RANGE_LOOP_ANALYSIS = YES;
				CLANG_WARN_STRICT_PROTOTYPES = YES;
				CLANG_WARN_SUSPICIOUS_MOVE = YES;
				CLANG_WARN_UNGUARDED_AVAILABILITY = YES_AGGRESSIVE;
				CLANG_WARN_UNREACHABLE_CODE = YES;
				CLANG_WARN__DUPLICATE_METHOD_MATCH = YES;
				CODE_SIGN_IDENTITY = "iPhone Developer";
				COPY_PHASE_STRIP = NO;
				DEBUG_INFORMATION_FORMAT = "dwarf-with-dsym";
				ENABLE_NS_ASSERTIONS = NO;
				ENABLE_STRICT_OBJC_MSGSEND = YES;
				GCC_C_LANGUAGE_STANDARD = gnu11;
				GCC_NO_COMMON_BLOCKS = YES;
				GCC_WARN_64_TO_32_BIT_CONVERSION = YES;
				GCC_WARN_ABOUT_RETURN_TYPE = YES_ERROR;
				GCC_WARN_UNDECLARED_SELECTOR = YES;
				GCC_WARN_UNINITIALIZED_AUTOS = YES_AGGRESSIVE;
				GCC_WARN_UNUSED_FUNCTION = YES;
				GCC_WARN_UNUSED_VARIABLE = YES;
				IPHONEOS_DEPLOYMENT_TARGET = 12.1;
				MTL_ENABLE_DEBUG_INFO = NO;
				MTL_FAST_MATH = YES;
				SDKROOT = iphoneos;
				VALIDATE_PRODUCT = YES;
			};
			name = Release;
		};
		A0CE0079225C7916000E1A45 /* Debug */ = {
			isa = XCBuildConfiguration;
			buildSettings = {
				ASSETCATALOG_COMPILER_APPICON_NAME = AppIcon;
				CODE_SIGN_STYLE = Automatic;
				DEVELOPMENT_TEAM = 2BX76H5J7L;
				INFOPLIST_FILE = ImageToVideo/Info.plist;
				LD_RUNPATH_SEARCH_PATHS = (
					"$(inherited)",
					"@executable_path/Frameworks",
				);
				PRODUCT_BUNDLE_IDENTIFIER = com.Cheng.ImageToVideo;
				PRODUCT_NAME = "$(TARGET_NAME)";
				TARGETED_DEVICE_FAMILY = "1,2";
			};
			name = Debug;
		};
		A0CE007A225C7916000E1A45 /* Release */ = {
			isa = XCBuildConfiguration;
			buildSettings = {
				ASSETCATALOG_COMPILER_APPICON_NAME = AppIcon;
				CODE_SIGN_STYLE = Automatic;
				DEVELOPMENT_TEAM = 2BX76H5J7L;
				INFOPLIST_FILE = ImageToVideo/Info.plist;
				LD_RUNPATH_SEARCH_PATHS = (
					"$(inherited)",
					"@executable_path/Frameworks",
				);
				PRODUCT_BUNDLE_IDENTIFIER = com.Cheng.ImageToVideo;
				PRODUCT_NAME = "$(TARGET_NAME)";
				TARGETED_DEVICE_FAMILY = "1,2";
			};
			name = Release;
		};
		A0CE007C225C7916000E1A45 /* Debug */ = {
			isa = XCBuildConfiguration;
			buildSettings = {
				BUNDLE_LOADER = "$(TEST_HOST)";
				CODE_SIGN_STYLE = Automatic;
				DEVELOPMENT_TEAM = 2BX76H5J7L;
				INFOPLIST_FILE = ImageToVideoTests/Info.plist;
				LD_RUNPATH_SEARCH_PATHS = (
					"$(inherited)",
					"@executable_path/Frameworks",
					"@loader_path/Frameworks",
				);
				PRODUCT_BUNDLE_IDENTIFIER = com.Cheng.ImageToVideoTests;
				PRODUCT_NAME = "$(TARGET_NAME)";
				TARGETED_DEVICE_FAMILY = "1,2";
				TEST_HOST = "$(BUILT_PRODUCTS_DIR)/ImageToVideo.app/ImageToVideo";
			};
			name = Debug;
		};
		A0CE007D225C7916000E1A45 /* Release */ = {
			isa = XCBuildConfiguration;
			buildSettings = {
				BUNDLE_LOADER = "$(TEST_HOST)";
				CODE_SIGN_STYLE = Automatic;
				DEVELOPMENT_TEAM = 2BX76H5J7L;
				INFOPLIST_FILE = ImageToVideoTests/Info.plist;
				LD_RUNPATH_SEARCH_PATHS = (
					"$(inherited)",
					"@executable_path/Frameworks",
					"@loader_path/Frameworks",
				);
				PRODUCT_BUNDLE_IDENTIFIER = com.Cheng.ImageToVideoTests;
				PRODUCT_NAME = "$(TARGET_NAME)";
				TARGETED_DEVICE_FAMILY = "1,2";
				TEST_HOST = "$(BUILT_PRODUCTS_DIR)/ImageToVideo.app/ImageToVideo";
			};
			name = Release;
		};
		A0CE007F225C7916000E1A45 /* Debug */ = {
			isa = XCBuildConfiguration;
			buildSettings = {
				CODE_SIGN_STYLE = Automatic;
				DEVELOPMENT_TEAM = 2BX76H5J7L;
				INFOPLIST_FILE = ImageToVideoUITests/Info.plist;
				LD_RUNPATH_SEARCH_PATHS = (
					"$(inherited)",
					"@executable_path/Frameworks",
					"@loader_path/Frameworks",
				);
				PRODUCT_BUNDLE_IDENTIFIER = com.Cheng.ImageToVideoUITests;
				PRODUCT_NAME = "$(TARGET_NAME)";
				TARGETED_DEVICE_FAMILY = "1,2";
				TEST_TARGET_NAME = ImageToVideo;
			};
			name = Debug;
		};
		A0CE0080225C7916000E1A45 /* Release */ = {
			isa = XCBuildConfiguration;
			buildSettings = {
				CODE_SIGN_STYLE = Automatic;
				DEVELOPMENT_TEAM = 2BX76H5J7L;
				INFOPLIST_FILE = ImageToVideoUITests/Info.plist;
				LD_RUNPATH_SEARCH_PATHS = (
					"$(inherited)",
					"@executable_path/Frameworks",
					"@loader_path/Frameworks",
				);
				PRODUCT_BUNDLE_IDENTIFIER = com.Cheng.ImageToVideoUITests;
				PRODUCT_NAME = "$(TARGET_NAME)";
				TARGETED_DEVICE_FAMILY = "1,2";
				TEST_TARGET_NAME = ImageToVideo;
			};
			name = Release;
		};
/* End XCBuildConfiguration section */

/* Begin XCConfigurationList section */
		A0CE0047225C7911000E1A45 /* Build configuration list for PBXProject "ImageToVideo" */ = {
			isa = XCConfigurationList;
			buildConfigurations = (
				A0CE0076225C7916000E1A45 /* Debug */,
				A0CE0077225C7916000E1A45 /* Release */,
			);
			defaultConfigurationIsVisible = 0;
			defaultConfigurationName = Release;
		};
		A0CE0078225C7916000E1A45 /* Build configuration list for PBXNativeTarget "ImageToVideo" */ = {
			isa = XCConfigurationList;
			buildConfigurations = (
				A0CE0079225C7916000E1A45 /* Debug */,
				A0CE007A225C7916000E1A45 /* Release */,
			);
			defaultConfigurationIsVisible = 0;
			defaultConfigurationName = Release;
		};
		A0CE007B225C7916000E1A45 /* Build configuration list for PBXNativeTarget "ImageToVideoTests" */ = {
			isa = XCConfigurationList;
			buildConfigurations = (
				A0CE007C225C7916000E1A45 /* Debug */,
				A0CE007D225C7916000E1A45 /* Release */,
			);
			defaultConfigurationIsVisible = 0;
			defaultConfigurationName = Release;
		};
		A0CE007E225C7916000E1A45 /* Build configuration list for PBXNativeTarget "ImageToVideoUITests" */ = {
			isa = XCConfigurationList;
			buildConfigurations = (
				A0CE007F225C7916000E1A45 /* Debug */,
				A0CE0080225C7916000E1A45 /* Release */,
			);
			defaultConfigurationIsVisible = 0;
			defaultConfigurationName = Release;
		};
/* End XCConfigurationList section */
	};
	rootObject = A0CE0044225C7911000E1A45 /* Project object */;
}
